
Microsoft Visual Studio Solution File, Format Version 12.00
# Visual Studio Version 17
VisualStudioVersion = 17.10.35013.160
MinimumVisualStudioVersion = 10.0.40219.1
Project("{FAE04EC0-301F-11D3-BF4B-00C04F79EFBC}") = "SerialObjectReader", "SerialObjectReader\SerialObjectReader.csproj", "{5F0A7FEA-6F8A-4A57-B21A-FB7679821316}"
EndProject
Global
	GlobalSection(SolutionConfigurationPlatforms) = preSolution
		Debug|Any CPU = Debug|Any CPU
		Release|Any CPU = Release|Any CPU
	EndGlobalSection
	GlobalSection(ProjectConfigurationPlatforms) = postSolution
		{5F0A7FEA-6F8A-4A57-B21A-FB7679821316}.Debug|Any CPU.ActiveCfg = Debug|Any CPU
		{5F0A7FEA-6F8A-4A57-B21A-FB7679821316}.Debug|Any CPU.Build.0 = Debug|Any CPU
		{5F0A7FEA-6F8A-4A57-B21A-FB7679821316}.Release|Any CPU.ActiveCfg = Release|Any CPU
		{5F0A7FEA-6F8A-4A57-B21A-FB7679821316}.Release|Any CPU.Build.0 = Release|Any CPU
	EndGlobalSection
	GlobalSection(SolutionProperties) = preSolution
		HideSolutionNode = FALSE
	EndGlobalSection
	GlobalSection(ExtensibilityGlobals) = postSolution
		SolutionGuid = {7C6D9148-9D23-4327-BE7D-85F7BCD3D5FE}
	EndGlobalSection
EndGlobal
