
Microsoft Visual Studio Solution File, Format Version 12.00
# Visual Studio Version 16
VisualStudioVersion = 16.0.810.21
MinimumVisualStudioVersion = 10.0.40219.1
Project("{FAE04EC0-301F-11D3-BF4B-00C04F79EFBC}") = "SerialObjectReader", "SerialObjectReader\SerialObjectReader.csproj", "{77BDBA78-70A4-46A3-A533-856F746BEC63}"
EndProject
Global
	GlobalSection(SolutionConfigurationPlatforms) = preSolution
		Debug|anycpu = Debug|anycpu
		Release|anycpu = Release|anycpu
	EndGlobalSection
	GlobalSection(ProjectConfigurationPlatforms) = postSolution
		{77BDBA78-70A4-46A3-A533-856F746BEC63}.Debug|anycpu.ActiveCfg = Debug|anycpu
		{77BDBA78-70A4-46A3-A533-856F746BEC63}.Debug|anycpu.Build.0 = Debug|anycpu
		{77BDBA78-70A4-46A3-A533-856F746BEC63}.Release|anycpu.ActiveCfg = Release|anycpu
		{77BDBA78-70A4-46A3-A533-856F746BEC63}.Release|anycpu.Build.0 = Release|anycpu
	EndGlobalSection
	GlobalSection(SolutionProperties) = preSolution
		HideSolutionNode = FALSE
	EndGlobalSection
	GlobalSection(ExtensibilityGlobals) = postSolution
		SolutionGuid = {C2E4CD02-FD4A-4B22-A01E-72B788B50222}
	EndGlobalSection
EndGlobal
